
Microsoft Visual Studio Solution File, Format Version 12.00
# Visual Studio Version 16
VisualStudioVersion = 16.0.31424.327
MinimumVisualStudioVersion = 10.0.40219.1
Project("{FAE04EC0-301F-11D3-BF4B-00C04F79EFBC}") = "UserMaintenance", "UserMaintenance\UserMaintenance.csproj", "{7D47D139-C2FF-4CB4-BDE9-D9F28A233C2D}"
EndProject
Global
	GlobalSection(SolutionConfigurationPlatforms) = preSolution
		Debug|Any CPU = Debug|Any CPU
		Release|Any CPU = Release|Any CPU
	EndGlobalSection
	GlobalSection(ProjectConfigurationPlatforms) = postSolution
		{7D47D139-C2FF-4CB4-BDE9-D9F28A233C2D}.Debug|Any CPU.ActiveCfg = Debug|Any CPU
		{7D47D139-C2FF-4CB4-BDE9-D9F28A233C2D}.Debug|Any CPU.Build.0 = Debug|Any CPU
		{7D47D139-C2FF-4CB4-BDE9-D9F28A233C2D}.Release|Any CPU.ActiveCfg = Release|Any CPU
		{7D47D139-C2FF-4CB4-BDE9-D9F28A233C2D}.Release|Any CPU.Build.0 = Release|Any CPU
	EndGlobalSection
	GlobalSection(SolutionProperties) = preSolution
		HideSolutionNode = FALSE
	EndGlobalSection
	GlobalSection(ExtensibilityGlobals) = postSolution
		SolutionGuid = {703EBB80-828B-4ED3-8977-6E3F0977303E}
	EndGlobalSection
EndGlobal
